# This file is autogenerated, do not edit; changes may be undone by the next 'dep ensure'.


[[projects]]
  name = "github.com/aws/aws-sdk-go"
  packages = ["aws","aws/awserr","aws/awsutil","aws/client","aws/client/metadata","aws/corehandlers","aws/credentials","aws/credentials/ec2rolecreds","aws/credentials/endpointcreds","aws/credentials/plugincreds","aws/credentials/stscreds","aws/defaults","aws/ec2metadata","aws/endpoints","aws/request","aws/session","aws/signer/v4","awsmigrate/awsmigrate-renamer/rename","awstesting","awstesting/integration","awstesting/integration/smoke","awstesting/mock","awstesting/unit","internal/shareddefaults","private/model/api","private/protocol","private/protocol/ec2query","private/protocol/json/jsonutil","private/protocol/jsonrpc","private/protocol/query","private/protocol/query/queryutil","private/protocol/rest","private/protocol/restjson","private/protocol/restxml","private/protocol/xml/xmlutil","private/signer/v2","private/util","service/acm","service/apigateway","service/applicationautoscaling","service/applicationdiscoveryservice","service/appstream","service/athena","service/autoscaling","service/batch","service/budgets","service/clouddirectory","service/cloudformation","service/cloudfront","service/cloudfront/sign","service/cloudhsm","service/cloudhsmv2","service/cloudsearch","service/cloudsearchdomain","service/cloudtrail","service/cloudwatch","service/cloudwatchevents","service/cloudwatchlogs","service/codebuild","service/codecommit","service/codedeploy","service/codepipeline","service/codestar","service/cognitoidentity","service/cognitoidentityprovider","service/cognitosync","service/configservice","service/costandusagereportservice","service/databasemigrationservice","service/datapipeline","service/dax","service/devicefarm","service/directconnect","service/directoryservice","service/dynamodb","service/dynamodb/dynamodbattribute","service/dynamodb/dynamodbiface","service/dynamodb/expression","service/dynamodbstreams","service/ec2","service/ecr","service/ecs","service/efs","service/elasticache","service/elasticbeanstalk","service/elasticsearchservice","service/elastictranscoder","service/elb","service/elbv2","service/emr","service/firehose","service/gamelift","service/glacier","service/glue","service/greengrass","service/health","service/iam","service/inspector","service/iot","service/iotdataplane","service/kinesis","service/kinesisanalytics","service/kms","service/kms/kmsiface","service/lambda","service/lexmodelbuildingservice","service/lexruntimeservice","service/lightsail","service/machinelearning","service/marketplacecommerceanalytics","service/marketplaceentitlementservice","service/marketplacemetering","service/migrationhub","service/mobile","service/mobileanalytics","service/mturk","service/opsworks","service/opsworkscm","service/organizations","service/pinpoint","service/polly","service/pricing","service/rds","service/rds/rdsutils","service/redshift","service/rekognition","service/resourcegroupstaggingapi","service/route53","service/route53domains","service/s3","service/s3/s3crypto","service/s3/s3iface","service/s3/s3manager","service/servicecatalog","service/ses","service/sfn","service/shield","service/simpledb","service/sms","service/snowball","service/sns","service/sqs","service/sqs/sqsiface","service/ssm","service/storagegateway","service/sts","service/support","service/swf","service/waf","service/wafregional","service/workdocs","service/workspaces","service/xray"]
  revision = "12a4975283c52e2fa88b0ae22882f83cf048eeb4"
  version = "v1.12.27"

[[projects]]
  name = "github.com/davecgh/go-spew"
  packages = ["spew"]
  revision = "346938d642f2ec3594ed81d874461961cd0faa76"
  version = "v1.1.0"

[[projects]]
  name = "github.com/go-ini/ini"
  packages = ["."]
  revision = "7e7da451323b6766da368f8a1e8ec9a88a16b4a0"
  version = "v1.31.1"

[[projects]]
  name = "github.com/go-sql-driver/mysql"
  packages = ["."]
  revision = "a0583e0143b1624142adab07e0e97fe106d99561"
  version = "v1.3"

[[projects]]
  branch = "master"
  name = "github.com/gopherjs/gopherjs"
  packages = ["js"]
  revision = "444abdf920945de5d4a977b572bcc6c674d1e4eb"

[[projects]]
  branch = "master"
  name = "github.com/gucumber/gucumber"
  packages = [".","gherkin"]
  revision = "0d2e1ce2e4a01273005d4b5a12bd10cbe69503c7"

[[projects]]
  name = "github.com/jmespath/go-jmespath"
  packages = ["."]
  revision = "0b12d6b5"

[[projects]]
  name = "github.com/jtolds/gls"
  packages = ["."]
  revision = "77f18212c9c7edc9bd6a33d383a7b545ce62f064"
  version = "v4.2.1"

[[projects]]
  name = "github.com/pkg/errors"
  packages = ["."]
  revision = "645ef00459ed84a119197bfb8d8205042c6df63d"
  version = "v0.8.0"

[[projects]]
  name = "github.com/pmezard/go-difflib"
  packages = ["difflib"]
  revision = "792786c7400a136282c1664665ae0a8db921c6c2"
  version = "v1.0.0"

[[projects]]
  branch = "master"
  name = "github.com/shiena/ansicolor"
  packages = ["."]
  revision = "a422bbe96644373c5753384a59d678f7d261ff10"

[[projects]]
  name = "github.com/smartystreets/assertions"
  packages = [".","internal/go-render/render","internal/oglematchers"]
  revision = "ff1918e1e5a13a74014644ae7c1e0ba2f791364d"
  version = "1.8.0"

[[projects]]
  name = "github.com/smartystreets/goconvey"
  packages = ["convey","convey/gotest","convey/reporting"]
  revision = "9e8dc3f972df6c8fcc0375ef492c24d0bb204857"
  version = "1.6.3"

[[projects]]
  name = "github.com/stretchr/testify"
  packages = ["assert"]
  revision = "69483b4bd14f5845b5a1e55bca19e954e827f1d0"
  version = "v1.1.4"

[[projects]]
  branch = "master"
  name = "golang.org/x/net"
  packages = ["html","html/atom","http2","http2/hpack","idna","lex/httplex"]
  revision = "9dfe39835686865bff950a07b394c12a98ddc811"

[[projects]]
  branch = "master"
  name = "golang.org/x/text"
  packages = ["collate","collate/build","internal/colltab","internal/gen","internal/tag","internal/triegen","internal/ucd","language","secure/bidirule","transform","unicode/bidi","unicode/cldr","unicode/norm","unicode/rangetable"]
  revision = "88f656faf3f37f690df1a32515b479415e1a6769"

[[projects]]
  branch = "master"
  name = "golang.org/x/tools"
  packages = ["go/ast/astutil","go/buildutil","go/loader"]
  revision = "4de4a8d2069ae83551a383b100f80859283a6a12"

[[projects]]
  name = "gopkg.in/ini.v1"
  packages = ["."]
  revision = "a343d9870e3952dd8a0b894f9e221e210189fefe"
  version = "v1.31.0"

[solve-meta]
  analyzer-name = "dep"
  analyzer-version = 1
  inputs-digest = "aad0b9805dc45bd1cf33f95fcbf63e7b8188514505f35f7a09e0b96bfd2caf11"
  solver-name = "gps-cdcl"
  solver-version = 1
